
Microsoft Visual Studio Solution File, Format Version 12.00
# Visual Studio Version 16
VisualStudioVersion = 16.0.31729.503
MinimumVisualStudioVersion = 10.0.40219.1
Project("{FAE04EC0-301F-11D3-BF4B-00C04F79EFBC}") = "01_KomodoCafe", "01_KomodoCafe\01_KomodoCafe.csproj", "{8CBC1EB4-7A1E-417E-A445-EED9B5022D0D}"
EndProject
Project("{FAE04EC0-301F-11D3-BF4B-00C04F79EFBC}") = "01_KomodoCafe_Repository", "01_KomodoCafe_Repository\01_KomodoCafe_Repository.csproj", "{D3F4E26C-EC5F-4B35-946A-B14775D39C6B}"
EndProject
Project("{FAE04EC0-301F-11D3-BF4B-00C04F79EFBC}") = "01_KomodoCafe_Tests", "01_KomodoCafe_Tests\01_KomodoCafe_Tests.csproj", "{04AB0FE7-BDD3-45BE-920C-1C13DC2B0C93}"
EndProject
Global
	GlobalSection(SolutionConfigurationPlatforms) = preSolution
		Debug|Any CPU = Debug|Any CPU
		Release|Any CPU = Release|Any CPU
	EndGlobalSection
	GlobalSection(ProjectConfigurationPlatforms) = postSolution
		{8CBC1EB4-7A1E-417E-A445-EED9B5022D0D}.Debug|Any CPU.ActiveCfg = Debug|Any CPU
		{8CBC1EB4-7A1E-417E-A445-EED9B5022D0D}.Debug|Any CPU.Build.0 = Debug|Any CPU
		{8CBC1EB4-7A1E-417E-A445-EED9B5022D0D}.Release|Any CPU.ActiveCfg = Release|Any CPU
		{8CBC1EB4-7A1E-417E-A445-EED9B5022D0D}.Release|Any CPU.Build.0 = Release|Any CPU
		{D3F4E26C-EC5F-4B35-946A-B14775D39C6B}.Debug|Any CPU.ActiveCfg = Debug|Any CPU
		{D3F4E26C-EC5F-4B35-946A-B14775D39C6B}.Debug|Any CPU.Build.0 = Debug|Any CPU
		{D3F4E26C-EC5F-4B35-946A-B14775D39C6B}.Release|Any CPU.ActiveCfg = Release|Any CPU
		{D3F4E26C-EC5F-4B35-946A-B14775D39C6B}.Release|Any CPU.Build.0 = Release|Any CPU
		{04AB0FE7-BDD3-45BE-920C-1C13DC2B0C93}.Debug|Any CPU.ActiveCfg = Debug|Any CPU
		{04AB0FE7-BDD3-45BE-920C-1C13DC2B0C93}.Debug|Any CPU.Build.0 = Debug|Any CPU
		{04AB0FE7-BDD3-45BE-920C-1C13DC2B0C93}.Release|Any CPU.ActiveCfg = Release|Any CPU
		{04AB0FE7-BDD3-45BE-920C-1C13DC2B0C93}.Release|Any CPU.Build.0 = Release|Any CPU
	EndGlobalSection
	GlobalSection(SolutionProperties) = preSolution
		HideSolutionNode = FALSE
	EndGlobalSection
	GlobalSection(ExtensibilityGlobals) = postSolution
		SolutionGuid = {B5AC9875-58DC-4F48-9393-23981FA47812}
	EndGlobalSection
EndGlobal
