
Microsoft Visual Studio Solution File, Format Version 12.00
# Visual Studio Version 16
VisualStudioVersion = 16.0.31729.503
MinimumVisualStudioVersion = 10.0.40219.1
Project("{FAE04EC0-301F-11D3-BF4B-00C04F79EFBC}") = "01_KomodoCafe", "01_KomodoCafe\01_KomodoCafe.csproj", "{8CBC1EB4-7A1E-417E-A445-EED9B5022D0D}"
EndProject
Project("{FAE04EC0-301F-11D3-BF4B-00C04F79EFBC}") = "01_KomodoCafe_Repository", "01_KomodoCafe_Repository\01_KomodoCafe_Repository.csproj", "{D3F4E26C-EC5F-4B35-946A-B14775D39C6B}"
EndProject
Project("{FAE04EC0-301F-11D3-BF4B-00C04F79EFBC}") = "01_KomodoCafe_Tests", "01_KomodoCafe_Tests\01_KomodoCafe_Tests.csproj", "{04AB0FE7-BDD3-45BE-920C-1C13DC2B0C93}"
EndProject
Project("{FAE04EC0-301F-11D3-BF4B-00C04F79EFBC}") = "02a_Claims", "02a_Claims\02a_Claims.csproj", "{9651DA51-73E4-4D40-9ADC-46ED819627C2}"
EndProject
Project("{FAE04EC0-301F-11D3-BF4B-00C04F79EFBC}") = "02a_Claims_Repository", "02a_Claims_Repository\02a_Claims_Repository.csproj", "{B8386A0B-3EF6-4F0F-9CEB-BBA25ACA9753}"
EndProject
Project("{FAE04EC0-301F-11D3-BF4B-00C04F79EFBC}") = "02a_Claims_UnitTests", "02a_Claims_UnitTests\02a_Claims_UnitTests.csproj", "{A6A8BB2E-C09D-40B3-A39D-CAE3E49EC1C0}"
EndProject
Project("{FAE04EC0-301F-11D3-BF4B-00C04F79EFBC}") = "00_JunkYard", "00_JunkYard\00_JunkYard.csproj", "{80032E88-89D1-4088-8C48-703968673D43}"
EndProject
Project("{FAE04EC0-301F-11D3-BF4B-00C04F79EFBC}") = "03_Badges", "03_Badges\03_Badges.csproj", "{7D1C7AC5-4576-4069-AE13-68E675548E77}"
EndProject
Project("{FAE04EC0-301F-11D3-BF4B-00C04F79EFBC}") = "03_BadgesRepository", "03_BadgesRepository\03_BadgesRepository.csproj", "{53415D68-C7B7-4EF4-BF05-893639FE171C}"
EndProject
Project("{FAE04EC0-301F-11D3-BF4B-00C04F79EFBC}") = "03_BadgesTests", "03_BadgesTests\03_BadgesTests.csproj", "{EAC4BE04-AA01-48C2-9AEE-6E0FF16DFC3F}"
EndProject
Global
	GlobalSection(SolutionConfigurationPlatforms) = preSolution
		Debug|Any CPU = Debug|Any CPU
		Release|Any CPU = Release|Any CPU
	EndGlobalSection
	GlobalSection(ProjectConfigurationPlatforms) = postSolution
		{8CBC1EB4-7A1E-417E-A445-EED9B5022D0D}.Debug|Any CPU.ActiveCfg = Debug|Any CPU
		{8CBC1EB4-7A1E-417E-A445-EED9B5022D0D}.Debug|Any CPU.Build.0 = Debug|Any CPU
		{8CBC1EB4-7A1E-417E-A445-EED9B5022D0D}.Release|Any CPU.ActiveCfg = Release|Any CPU
		{8CBC1EB4-7A1E-417E-A445-EED9B5022D0D}.Release|Any CPU.Build.0 = Release|Any CPU
		{D3F4E26C-EC5F-4B35-946A-B14775D39C6B}.Debug|Any CPU.ActiveCfg = Debug|Any CPU
		{D3F4E26C-EC5F-4B35-946A-B14775D39C6B}.Debug|Any CPU.Build.0 = Debug|Any CPU
		{D3F4E26C-EC5F-4B35-946A-B14775D39C6B}.Release|Any CPU.ActiveCfg = Release|Any CPU
		{D3F4E26C-EC5F-4B35-946A-B14775D39C6B}.Release|Any CPU.Build.0 = Release|Any CPU
		{04AB0FE7-BDD3-45BE-920C-1C13DC2B0C93}.Debug|Any CPU.ActiveCfg = Debug|Any CPU
		{04AB0FE7-BDD3-45BE-920C-1C13DC2B0C93}.Debug|Any CPU.Build.0 = Debug|Any CPU
		{04AB0FE7-BDD3-45BE-920C-1C13DC2B0C93}.Release|Any CPU.ActiveCfg = Release|Any CPU
		{04AB0FE7-BDD3-45BE-920C-1C13DC2B0C93}.Release|Any CPU.Build.0 = Release|Any CPU
		{9651DA51-73E4-4D40-9ADC-46ED819627C2}.Debug|Any CPU.ActiveCfg = Debug|Any CPU
		{9651DA51-73E4-4D40-9ADC-46ED819627C2}.Debug|Any CPU.Build.0 = Debug|Any CPU
		{9651DA51-73E4-4D40-9ADC-46ED819627C2}.Release|Any CPU.ActiveCfg = Release|Any CPU
		{9651DA51-73E4-4D40-9ADC-46ED819627C2}.Release|Any CPU.Build.0 = Release|Any CPU
		{B8386A0B-3EF6-4F0F-9CEB-BBA25ACA9753}.Debug|Any CPU.ActiveCfg = Debug|Any CPU
		{B8386A0B-3EF6-4F0F-9CEB-BBA25ACA9753}.Debug|Any CPU.Build.0 = Debug|Any CPU
		{B8386A0B-3EF6-4F0F-9CEB-BBA25ACA9753}.Release|Any CPU.ActiveCfg = Release|Any CPU
		{B8386A0B-3EF6-4F0F-9CEB-BBA25ACA9753}.Release|Any CPU.Build.0 = Release|Any CPU
		{A6A8BB2E-C09D-40B3-A39D-CAE3E49EC1C0}.Debug|Any CPU.ActiveCfg = Debug|Any CPU
		{A6A8BB2E-C09D-40B3-A39D-CAE3E49EC1C0}.Debug|Any CPU.Build.0 = Debug|Any CPU
		{A6A8BB2E-C09D-40B3-A39D-CAE3E49EC1C0}.Release|Any CPU.ActiveCfg = Release|Any CPU
		{A6A8BB2E-C09D-40B3-A39D-CAE3E49EC1C0}.Release|Any CPU.Build.0 = Release|Any CPU
		{80032E88-89D1-4088-8C48-703968673D43}.Debug|Any CPU.ActiveCfg = Debug|Any CPU
		{80032E88-89D1-4088-8C48-703968673D43}.Debug|Any CPU.Build.0 = Debug|Any CPU
		{80032E88-89D1-4088-8C48-703968673D43}.Release|Any CPU.ActiveCfg = Release|Any CPU
		{80032E88-89D1-4088-8C48-703968673D43}.Release|Any CPU.Build.0 = Release|Any CPU
		{7D1C7AC5-4576-4069-AE13-68E675548E77}.Debug|Any CPU.ActiveCfg = Debug|Any CPU
		{7D1C7AC5-4576-4069-AE13-68E675548E77}.Debug|Any CPU.Build.0 = Debug|Any CPU
		{7D1C7AC5-4576-4069-AE13-68E675548E77}.Release|Any CPU.ActiveCfg = Release|Any CPU
		{7D1C7AC5-4576-4069-AE13-68E675548E77}.Release|Any CPU.Build.0 = Release|Any CPU
		{53415D68-C7B7-4EF4-BF05-893639FE171C}.Debug|Any CPU.ActiveCfg = Debug|Any CPU
		{53415D68-C7B7-4EF4-BF05-893639FE171C}.Debug|Any CPU.Build.0 = Debug|Any CPU
		{53415D68-C7B7-4EF4-BF05-893639FE171C}.Release|Any CPU.ActiveCfg = Release|Any CPU
		{53415D68-C7B7-4EF4-BF05-893639FE171C}.Release|Any CPU.Build.0 = Release|Any CPU
		{EAC4BE04-AA01-48C2-9AEE-6E0FF16DFC3F}.Debug|Any CPU.ActiveCfg = Debug|Any CPU
		{EAC4BE04-AA01-48C2-9AEE-6E0FF16DFC3F}.Debug|Any CPU.Build.0 = Debug|Any CPU
		{EAC4BE04-AA01-48C2-9AEE-6E0FF16DFC3F}.Release|Any CPU.ActiveCfg = Release|Any CPU
		{EAC4BE04-AA01-48C2-9AEE-6E0FF16DFC3F}.Release|Any CPU.Build.0 = Release|Any CPU
	EndGlobalSection
	GlobalSection(SolutionProperties) = preSolution
		HideSolutionNode = FALSE
	EndGlobalSection
	GlobalSection(ExtensibilityGlobals) = postSolution
		SolutionGuid = {B5AC9875-58DC-4F48-9393-23981FA47812}
	EndGlobalSection
EndGlobal
